{
  "object": {
    "pins": [
      {
        "package": "PryntTrimmerView",
        "repositoryURL": "https://github.com/tolgaarikan/PryntTrimmerView",
        "state": {
          "branch": "customization",
          "revision": "4a9739f251fbf88f394192fdbf3195d55d3811b5",
          "version": null
        }
      }
    ]
  },
  "version": 1
}
